
Microsoft Visual Studio Solution File, Format Version 12.00
# Visual Studio Version 16
VisualStudioVersion = 16.0.29403.142
MinimumVisualStudioVersion = 10.0.40219.1
Project("{9A19103F-16F7-4668-BE54-9A1E7A4F7556}") = "FootballStatsApi", "FootballStatsApi\FootballStatsApi.csproj", "{879C72DD-1AA0-4F87-9632-FE681DE9111C}"
EndProject
Project("{9A19103F-16F7-4668-BE54-9A1E7A4F7556}") = "FootballStatsApi.Models", "FootballStatsApi.Models\FootballStatsApi.Models.csproj", "{3D3A2D77-2E7C-4771-8D89-ECB59E23C4B7}"
EndProject
Project("{9A19103F-16F7-4668-BE54-9A1E7A4F7556}") = "FootballStatsApi.Domain", "FootballStatsApi.Domain\FootballStatsApi.Domain.csproj", "{A575ACB4-893F-4CC8-A6C4-C81282149D5A}"
EndProject
Project("{9A19103F-16F7-4668-BE54-9A1E7A4F7556}") = "FootballStatsApi.Database", "FootballStatsApi.Database\FootballStatsApi.Database.csproj", "{AF893BF5-E911-4340-B9C7-BCC6D3738EC9}"
EndProject
Project("{9A19103F-16F7-4668-BE54-9A1E7A4F7556}") = "FootballStatsApi.Web", "FootballStatsApi.Web\FootballStatsApi.Web.csproj", "{E00C835F-B654-4002-97AF-A45CD2087FBC}"
EndProject
Project("{9A19103F-16F7-4668-BE54-9A1E7A4F7556}") = "FootballStatsApi.Scraper.Orchestration", "FootballStatsApi.Scraper.Orchestration\FootballStatsApi.Scraper.Orchestration.csproj", "{4D1B4E9F-DD7C-40FA-91D1-20BED26571BD}"
EndProject
Project("{9A19103F-16F7-4668-BE54-9A1E7A4F7556}") = "FootballStatsApi.Scraper.LeagueSummary", "FootballStatsApi.Scraper.LeagueSummary\FootballStatsApi.Scraper.LeagueSummary.csproj", "{AA5A5AD9-FBD1-472A-B232-11C792210A20}"
EndProject
Project("{9A19103F-16F7-4668-BE54-9A1E7A4F7556}") = "FootballStatsApi.Scraper.Shared", "FootballStatsApi.Scraper.Shared\FootballStatsApi.Scraper.Shared.csproj", "{608E7D7E-12D4-45F6-B4FF-5312D5C433B6}"
EndProject
Project("{9A19103F-16F7-4668-BE54-9A1E7A4F7556}") = "FootballStatsApi.IntegrationTests", "FootballStatsApi.IntegrationTests\FootballStatsApi.IntegrationTests.csproj", "{37202799-E0B6-4CCC-B14E-E03B3D3B12C3}"
EndProject
Project("{2150E333-8FDC-42A3-9474-1A3956D46DE8}") = "External Items", "External Items", "{A1CBEB03-2BE8-4EA7-839A-008FCEDEB302}"
	ProjectSection(SolutionItems) = preProject
		.dockerignore = .dockerignore
		..\.gitignore = ..\.gitignore
		docker-compose.api.integrationtests.yml = docker-compose.api.integrationtests.yml
		docker-compose.production.footballstatsapi-1.yml = docker-compose.production.footballstatsapi-1.yml
		docker-compose.production.fsa-orchestration.yml = docker-compose.production.fsa-orchestration.yml
		docker-compose.production.fsa-webserver.yml = docker-compose.production.fsa-webserver.yml
		docker-compose.yml = docker-compose.yml
	EndProjectSection
EndProject
Project("{9A19103F-16F7-4668-BE54-9A1E7A4F7556}") = "FootballStatsApi.Logic", "FootballStatsApi.Logic\FootballStatsApi.Logic.csproj", "{7D8D10CE-156D-4383-984C-63A117B311D5}"
EndProject
Project("{2150E333-8FDC-42A3-9474-1A3956D46DE8}") = "docs", "docs", "{386AF434-AC40-44BE-9FBC-4A2655153FE5}"
EndProject
Project("{2150E333-8FDC-42A3-9474-1A3956D46DE8}") = "json", "json", "{F113B659-000E-4C51-B1D0-2D72A97BA640}"
	ProjectSection(SolutionItems) = preProject
		..\docs\json\fixtureDetails_matchInfo.json = ..\docs\json\fixtureDetails_matchInfo.json
		..\docs\json\fixtureDetails_rostersData.json = ..\docs\json\fixtureDetails_rostersData.json
		..\docs\json\fixtureDetails_shotsData.json = ..\docs\json\fixtureDetails_shotsData.json
		..\docs\json\leagueSummary_datesData.json = ..\docs\json\leagueSummary_datesData.json
		..\docs\json\leagueSummary_playersData.json = ..\docs\json\leagueSummary_playersData.json
		..\docs\json\leagueSummary_teamsData.json = ..\docs\json\leagueSummary_teamsData.json
		..\docs\json\playerDetails_groupsData.json = ..\docs\json\playerDetails_groupsData.json
		..\docs\json\playerDetails_matchesData.json = ..\docs\json\playerDetails_matchesData.json
		..\docs\json\playerDetails_minMaxData.json = ..\docs\json\playerDetails_minMaxData.json
		..\docs\json\playerDetails_playerInfo.json = ..\docs\json\playerDetails_playerInfo.json
		..\docs\json\playerDetails_positionData.json = ..\docs\json\playerDetails_positionData.json
		..\docs\json\playerDetails_shotsData.json = ..\docs\json\playerDetails_shotsData.json
		..\docs\json\teamDetails_datesData.json = ..\docs\json\teamDetails_datesData.json
		..\docs\json\teamDetails_playerData.json = ..\docs\json\teamDetails_playerData.json
		..\docs\json\teamDetails_statisticsData.json = ..\docs\json\teamDetails_statisticsData.json
	EndProjectSection
EndProject
Project("{2150E333-8FDC-42A3-9474-1A3956D46DE8}") = "nginx", "nginx", "{2394B2ED-474E-4264-8055-5EAD86773EE8}"
	ProjectSection(SolutionItems) = preProject
		nginx\Dockerfile = nginx\Dockerfile
		nginx\nginx.conf = nginx\nginx.conf
	EndProjectSection
EndProject
Global
	GlobalSection(SolutionConfigurationPlatforms) = preSolution
		Debug|Any CPU = Debug|Any CPU
		Release|Any CPU = Release|Any CPU
	EndGlobalSection
	GlobalSection(ProjectConfigurationPlatforms) = postSolution
		{879C72DD-1AA0-4F87-9632-FE681DE9111C}.Debug|Any CPU.ActiveCfg = Debug|Any CPU
		{879C72DD-1AA0-4F87-9632-FE681DE9111C}.Debug|Any CPU.Build.0 = Debug|Any CPU
		{879C72DD-1AA0-4F87-9632-FE681DE9111C}.Release|Any CPU.ActiveCfg = Release|Any CPU
		{879C72DD-1AA0-4F87-9632-FE681DE9111C}.Release|Any CPU.Build.0 = Release|Any CPU
		{3D3A2D77-2E7C-4771-8D89-ECB59E23C4B7}.Debug|Any CPU.ActiveCfg = Debug|Any CPU
		{3D3A2D77-2E7C-4771-8D89-ECB59E23C4B7}.Debug|Any CPU.Build.0 = Debug|Any CPU
		{3D3A2D77-2E7C-4771-8D89-ECB59E23C4B7}.Release|Any CPU.ActiveCfg = Release|Any CPU
		{3D3A2D77-2E7C-4771-8D89-ECB59E23C4B7}.Release|Any CPU.Build.0 = Release|Any CPU
		{A575ACB4-893F-4CC8-A6C4-C81282149D5A}.Debug|Any CPU.ActiveCfg = Debug|Any CPU
		{A575ACB4-893F-4CC8-A6C4-C81282149D5A}.Debug|Any CPU.Build.0 = Debug|Any CPU
		{A575ACB4-893F-4CC8-A6C4-C81282149D5A}.Release|Any CPU.ActiveCfg = Release|Any CPU
		{A575ACB4-893F-4CC8-A6C4-C81282149D5A}.Release|Any CPU.Build.0 = Release|Any CPU
		{AF893BF5-E911-4340-B9C7-BCC6D3738EC9}.Debug|Any CPU.ActiveCfg = Debug|Any CPU
		{AF893BF5-E911-4340-B9C7-BCC6D3738EC9}.Debug|Any CPU.Build.0 = Debug|Any CPU
		{AF893BF5-E911-4340-B9C7-BCC6D3738EC9}.Release|Any CPU.ActiveCfg = Release|Any CPU
		{AF893BF5-E911-4340-B9C7-BCC6D3738EC9}.Release|Any CPU.Build.0 = Release|Any CPU
		{E00C835F-B654-4002-97AF-A45CD2087FBC}.Debug|Any CPU.ActiveCfg = Debug|Any CPU
		{E00C835F-B654-4002-97AF-A45CD2087FBC}.Debug|Any CPU.Build.0 = Debug|Any CPU
		{E00C835F-B654-4002-97AF-A45CD2087FBC}.Release|Any CPU.ActiveCfg = Release|Any CPU
		{E00C835F-B654-4002-97AF-A45CD2087FBC}.Release|Any CPU.Build.0 = Release|Any CPU
		{4D1B4E9F-DD7C-40FA-91D1-20BED26571BD}.Debug|Any CPU.ActiveCfg = Debug|Any CPU
		{4D1B4E9F-DD7C-40FA-91D1-20BED26571BD}.Debug|Any CPU.Build.0 = Debug|Any CPU
		{4D1B4E9F-DD7C-40FA-91D1-20BED26571BD}.Release|Any CPU.ActiveCfg = Release|Any CPU
		{4D1B4E9F-DD7C-40FA-91D1-20BED26571BD}.Release|Any CPU.Build.0 = Release|Any CPU
		{AA5A5AD9-FBD1-472A-B232-11C792210A20}.Debug|Any CPU.ActiveCfg = Debug|Any CPU
		{AA5A5AD9-FBD1-472A-B232-11C792210A20}.Debug|Any CPU.Build.0 = Debug|Any CPU
		{AA5A5AD9-FBD1-472A-B232-11C792210A20}.Release|Any CPU.ActiveCfg = Release|Any CPU
		{AA5A5AD9-FBD1-472A-B232-11C792210A20}.Release|Any CPU.Build.0 = Release|Any CPU
		{608E7D7E-12D4-45F6-B4FF-5312D5C433B6}.Debug|Any CPU.ActiveCfg = Debug|Any CPU
		{608E7D7E-12D4-45F6-B4FF-5312D5C433B6}.Debug|Any CPU.Build.0 = Debug|Any CPU
		{608E7D7E-12D4-45F6-B4FF-5312D5C433B6}.Release|Any CPU.ActiveCfg = Release|Any CPU
		{608E7D7E-12D4-45F6-B4FF-5312D5C433B6}.Release|Any CPU.Build.0 = Release|Any CPU
		{37202799-E0B6-4CCC-B14E-E03B3D3B12C3}.Debug|Any CPU.ActiveCfg = Debug|Any CPU
		{37202799-E0B6-4CCC-B14E-E03B3D3B12C3}.Debug|Any CPU.Build.0 = Debug|Any CPU
		{37202799-E0B6-4CCC-B14E-E03B3D3B12C3}.Release|Any CPU.ActiveCfg = Release|Any CPU
		{37202799-E0B6-4CCC-B14E-E03B3D3B12C3}.Release|Any CPU.Build.0 = Release|Any CPU
		{7D8D10CE-156D-4383-984C-63A117B311D5}.Debug|Any CPU.ActiveCfg = Debug|Any CPU
		{7D8D10CE-156D-4383-984C-63A117B311D5}.Debug|Any CPU.Build.0 = Debug|Any CPU
		{7D8D10CE-156D-4383-984C-63A117B311D5}.Release|Any CPU.ActiveCfg = Release|Any CPU
		{7D8D10CE-156D-4383-984C-63A117B311D5}.Release|Any CPU.Build.0 = Release|Any CPU
	EndGlobalSection
	GlobalSection(SolutionProperties) = preSolution
		HideSolutionNode = FALSE
	EndGlobalSection
	GlobalSection(NestedProjects) = preSolution
		{386AF434-AC40-44BE-9FBC-4A2655153FE5} = {A1CBEB03-2BE8-4EA7-839A-008FCEDEB302}
		{F113B659-000E-4C51-B1D0-2D72A97BA640} = {386AF434-AC40-44BE-9FBC-4A2655153FE5}
		{2394B2ED-474E-4264-8055-5EAD86773EE8} = {A1CBEB03-2BE8-4EA7-839A-008FCEDEB302}
	EndGlobalSection
	GlobalSection(ExtensibilityGlobals) = postSolution
		SolutionGuid = {002EC389-C08D-4C2B-B8CF-B5F9B655B9C4}
	EndGlobalSection
EndGlobal
